PODS:
  - IQKeyboardManager (6.5.6)
  - Masonry (1.1.0)
  - MBProgressHUD (1.2.0)
  - YYCache (1.0.4)
  - YYImage (1.0.4):
    - YYImage/Core (= 1.0.4)
  - YYImage/Core (1.0.4)
  - YYModel (1.0.4)
  - YYWebImage (1.0.5):
    - YYCache
    - YYImage
  - ZegoDocsView/Basic_zh (1.18.0)
  - ZegoExpressEngine/WhiteBoard (2.3.0)
  - ZegoWhiteboardView/Express (1.18.0):
    - ZegoExpressEngine/WhiteBoard (= 2.3.0)

DEPENDENCIES:
  - IQKeyboardManager
  - Masonry
  - MBProgressHUD
  - YYModel
  - YYWebImage
  - ZegoDocsView/Basic_zh
  - ZegoWhiteboardView/Express

SPEC REPOS:
  trunk:
    - IQKeyboardManager
    - Masonry
    - MBProgressHUD
    - YYCache
    - YYImage
    - YYModel
    - YYWebImage
    - ZegoDocsView
    - ZegoExpressEngine
    - ZegoWhiteboardView

SPEC CHECKSUMS:
  IQKeyboardManager: 2a6e97afdafc7becf0cb17a9a8d795e3a980717f
  Masonry: 678fab65091a9290e40e2832a55e7ab731aad201
  MBProgressHUD: 3ee5efcc380f6a79a7cc9b363dd669c5e1ae7406
  YYCache: 8105b6638f5e849296c71f331ff83891a4942952
  YYImage: 1e1b62a9997399593e4b9c4ecfbbabbf1d3f3b54
  YYModel: 2a7fdd96aaa4b86a824e26d0c517de8928c04b30
  YYWebImage: 5f7f36aee2ae293f016d418c7d6ba05c4863e928
  ZegoDocsView: 049b08589211c7e0346151bcfa8a93c7d40d93b6
  ZegoExpressEngine: 509f7045732653c7427e899c1038842d093d0459
  ZegoWhiteboardView: 9091fbb06f5108b87401765110762b712bbf2777

PODFILE CHECKSUM: ed76a97dc44ce4770a2dca5bfe92c504d14c06ad

COCOAPODS: 1.9.3
